
Microsoft Visual Studio Solution File, Format Version 12.00
# Visual Studio Version 16
VisualStudioVersion = 25.0.1706.9
MinimumVisualStudioVersion = 10.0.40219.1
Project("{FAE04EC0-301F-11D3-BF4B-00C04F79EFBC}") = "MedicalAppointment", "MedicalAppointment\MedicalAppointment.csproj", "{3B136671-4CE6-46A4-BCB0-4A5FFBDF6623}"
EndProject
Global
	GlobalSection(SolutionConfigurationPlatforms) = preSolution
		Debug|Any CPU = Debug|Any CPU
		Release|Any CPU = Release|Any CPU
	EndGlobalSection
	GlobalSection(ProjectConfigurationPlatforms) = postSolution
		{3B136671-4CE6-46A4-BCB0-4A5FFBDF6623}.Debug|Any CPU.ActiveCfg = Debug|Any CPU
		{3B136671-4CE6-46A4-BCB0-4A5FFBDF6623}.Debug|Any CPU.Build.0 = Debug|Any CPU
		{3B136671-4CE6-46A4-BCB0-4A5FFBDF6623}.Release|Any CPU.ActiveCfg = Release|Any CPU
		{3B136671-4CE6-46A4-BCB0-4A5FFBDF6623}.Release|Any CPU.Build.0 = Release|Any CPU
	EndGlobalSection
	GlobalSection(SolutionProperties) = preSolution
		HideSolutionNode = FALSE
	EndGlobalSection
	GlobalSection(ExtensibilityGlobals) = postSolution
		SolutionGuid = {C1F5D8DA-4175-4165-BCAA-7334287E2974}
	EndGlobalSection
EndGlobal
